
Microsoft Visual Studio Solution File, Format Version 12.00
# Visual Studio 15
VisualStudioVersion = 15.0.26124.0
MinimumVisualStudioVersion = 15.0.26124.0
Project("{FAE04EC0-301F-11D3-BF4B-00C04F79EFBC}") = "XPike.Extensions.DependencyInjection", "XPike.Extensions.DependencyInjection\XPike.Extensions.DependencyInjection.csproj", "{2EE1E81F-C718-4BBA-AA59-C685F42020A4}"
EndProject
Project("{FAE04EC0-301F-11D3-BF4B-00C04F79EFBC}") = "XPike.Extensions.DependencyInjection.WebApi", "XPike.Extensions.DependencyInjection.WebApi\XPike.Extensions.DependencyInjection.WebApi.csproj", "{0D87CBF0-650A-4948-AA0E-59007584F07A}"
EndProject
Project("{FAE04EC0-301F-11D3-BF4B-00C04F79EFBC}") = "XPike.Extensions.DependencyInjection.Tests", "..\test\XPike.Extensions.DependencyInjection.Tests\XPike.Extensions.DependencyInjection.Tests.csproj", "{BB3DDEB2-568C-4055-8281-BCBAF25424E1}"
EndProject
Project("{FAE04EC0-301F-11D3-BF4B-00C04F79EFBC}") = "XPike.Extensions.DependencyInjection.WebApi.Tests", "..\test\XPike.Extensions.DependencyInjection.WebApi.Tests\XPike.Extensions.DependencyInjection.WebApi.Tests.csproj", "{F4949C31-97C9-4F79-B2D3-153DE82076E0}"
EndProject
Global
	GlobalSection(SolutionConfigurationPlatforms) = preSolution
		Debug|Any CPU = Debug|Any CPU
		Debug|x64 = Debug|x64
		Debug|x86 = Debug|x86
		Release|Any CPU = Release|Any CPU
		Release|x64 = Release|x64
		Release|x86 = Release|x86
	EndGlobalSection
	GlobalSection(SolutionProperties) = preSolution
		HideSolutionNode = FALSE
	EndGlobalSection
	GlobalSection(ProjectConfigurationPlatforms) = postSolution
		{2EE1E81F-C718-4BBA-AA59-C685F42020A4}.Debug|Any CPU.ActiveCfg = Debug|Any CPU
		{2EE1E81F-C718-4BBA-AA59-C685F42020A4}.Debug|Any CPU.Build.0 = Debug|Any CPU
		{2EE1E81F-C718-4BBA-AA59-C685F42020A4}.Debug|x64.ActiveCfg = Debug|Any CPU
		{2EE1E81F-C718-4BBA-AA59-C685F42020A4}.Debug|x64.Build.0 = Debug|Any CPU
		{2EE1E81F-C718-4BBA-AA59-C685F42020A4}.Debug|x86.ActiveCfg = Debug|Any CPU
		{2EE1E81F-C718-4BBA-AA59-C685F42020A4}.Debug|x86.Build.0 = Debug|Any CPU
		{2EE1E81F-C718-4BBA-AA59-C685F42020A4}.Release|Any CPU.ActiveCfg = Release|Any CPU
		{2EE1E81F-C718-4BBA-AA59-C685F42020A4}.Release|Any CPU.Build.0 = Release|Any CPU
		{2EE1E81F-C718-4BBA-AA59-C685F42020A4}.Release|x64.ActiveCfg = Release|Any CPU
		{2EE1E81F-C718-4BBA-AA59-C685F42020A4}.Release|x64.Build.0 = Release|Any CPU
		{2EE1E81F-C718-4BBA-AA59-C685F42020A4}.Release|x86.ActiveCfg = Release|Any CPU
		{2EE1E81F-C718-4BBA-AA59-C685F42020A4}.Release|x86.Build.0 = Release|Any CPU
		{0D87CBF0-650A-4948-AA0E-59007584F07A}.Debug|Any CPU.ActiveCfg = Debug|Any CPU
		{0D87CBF0-650A-4948-AA0E-59007584F07A}.Debug|Any CPU.Build.0 = Debug|Any CPU
		{0D87CBF0-650A-4948-AA0E-59007584F07A}.Debug|x64.ActiveCfg = Debug|Any CPU
		{0D87CBF0-650A-4948-AA0E-59007584F07A}.Debug|x64.Build.0 = Debug|Any CPU
		{0D87CBF0-650A-4948-AA0E-59007584F07A}.Debug|x86.ActiveCfg = Debug|Any CPU
		{0D87CBF0-650A-4948-AA0E-59007584F07A}.Debug|x86.Build.0 = Debug|Any CPU
		{0D87CBF0-650A-4948-AA0E-59007584F07A}.Release|Any CPU.ActiveCfg = Release|Any CPU
		{0D87CBF0-650A-4948-AA0E-59007584F07A}.Release|Any CPU.Build.0 = Release|Any CPU
		{0D87CBF0-650A-4948-AA0E-59007584F07A}.Release|x64.ActiveCfg = Release|Any CPU
		{0D87CBF0-650A-4948-AA0E-59007584F07A}.Release|x64.Build.0 = Release|Any CPU
		{0D87CBF0-650A-4948-AA0E-59007584F07A}.Release|x86.ActiveCfg = Release|Any CPU
		{0D87CBF0-650A-4948-AA0E-59007584F07A}.Release|x86.Build.0 = Release|Any CPU
		{BB3DDEB2-568C-4055-8281-BCBAF25424E1}.Debug|Any CPU.ActiveCfg = Debug|Any CPU
		{BB3DDEB2-568C-4055-8281-BCBAF25424E1}.Debug|Any CPU.Build.0 = Debug|Any CPU
		{BB3DDEB2-568C-4055-8281-BCBAF25424E1}.Debug|x64.ActiveCfg = Debug|Any CPU
		{BB3DDEB2-568C-4055-8281-BCBAF25424E1}.Debug|x64.Build.0 = Debug|Any CPU
		{BB3DDEB2-568C-4055-8281-BCBAF25424E1}.Debug|x86.ActiveCfg = Debug|Any CPU
		{BB3DDEB2-568C-4055-8281-BCBAF25424E1}.Debug|x86.Build.0 = Debug|Any CPU
		{BB3DDEB2-568C-4055-8281-BCBAF25424E1}.Release|Any CPU.ActiveCfg = Release|Any CPU
		{BB3DDEB2-568C-4055-8281-BCBAF25424E1}.Release|Any CPU.Build.0 = Release|Any CPU
		{BB3DDEB2-568C-4055-8281-BCBAF25424E1}.Release|x64.ActiveCfg = Release|Any CPU
		{BB3DDEB2-568C-4055-8281-BCBAF25424E1}.Release|x64.Build.0 = Release|Any CPU
		{BB3DDEB2-568C-4055-8281-BCBAF25424E1}.Release|x86.ActiveCfg = Release|Any CPU
		{BB3DDEB2-568C-4055-8281-BCBAF25424E1}.Release|x86.Build.0 = Release|Any CPU
		{F4949C31-97C9-4F79-B2D3-153DE82076E0}.Debug|Any CPU.ActiveCfg = Debug|Any CPU
		{F4949C31-97C9-4F79-B2D3-153DE82076E0}.Debug|Any CPU.Build.0 = Debug|Any CPU
		{F4949C31-97C9-4F79-B2D3-153DE82076E0}.Debug|x64.ActiveCfg = Debug|Any CPU
		{F4949C31-97C9-4F79-B2D3-153DE82076E0}.Debug|x64.Build.0 = Debug|Any CPU
		{F4949C31-97C9-4F79-B2D3-153DE82076E0}.Debug|x86.ActiveCfg = Debug|Any CPU
		{F4949C31-97C9-4F79-B2D3-153DE82076E0}.Debug|x86.Build.0 = Debug|Any CPU
		{F4949C31-97C9-4F79-B2D3-153DE82076E0}.Release|Any CPU.ActiveCfg = Debug|Any CPU
		{F4949C31-97C9-4F79-B2D3-153DE82076E0}.Release|Any CPU.Build.0 = Debug|Any CPU
		{F4949C31-97C9-4F79-B2D3-153DE82076E0}.Release|x64.ActiveCfg = Debug|Any CPU
		{F4949C31-97C9-4F79-B2D3-153DE82076E0}.Release|x64.Build.0 = Debug|Any CPU
		{F4949C31-97C9-4F79-B2D3-153DE82076E0}.Release|x86.ActiveCfg = Debug|Any CPU
		{F4949C31-97C9-4F79-B2D3-153DE82076E0}.Release|x86.Build.0 = Debug|Any CPU
	EndGlobalSection
EndGlobal
